PODS:
  - FSOCCategories (1.0.4):
    - "FSOCCategories/UIButton+FSHitEdgeInsets (= 1.0.4)"
  - "FSOCCategories/NSString+FSSize (1.0.4)"
  - "FSOCCategories/UIButton+FSHitEdgeInsets (1.0.4)"
  - "FSOCCategories/UIViewController+FSDocumentInteractionController (1.0.4)"
  - "FSOCCategories/UIViewController+FSDocumentPickerViewController (1.0.4)"
  - "FSOCCategories/UIViewController+FSQuickLookPreview (1.0.4)"

DEPENDENCIES:
  - FSOCCategories (from `../`)
  - "FSOCCategories/NSString+FSSize (from `../`)"
  - "FSOCCategories/UIViewController+FSDocumentInteractionController (from `../`)"
  - "FSOCCategories/UIViewController+FSDocumentPickerViewController (from `../`)"
  - "FSOCCategories/UIViewController+FSQuickLookPreview (from `../`)"

EXTERNAL SOURCES:
  FSOCCategories:
    :path: "../"

SPEC CHECKSUMS:
  FSOCCategories: d900cba18311dc2844accb4927699d9979da8172

PODFILE CHECKSUM: ee5f929c8a1dbbefe287c4501b21be048a9ca12e

COCOAPODS: 1.12.1
