PODS:
  - FSOCCategories (1.0.1):
    - "FSOCCategories/UIButton+FSHitEdgeInsets (= 1.0.1)"
  - "FSOCCategories/UIButton+FSHitEdgeInsets (1.0.1)"
  - "FSOCCategories/UIViewController+FSDocumentInteractionController (1.0.1)"
  - "FSOCCategories/UIViewController+FSDocumentPickerViewController (1.0.1)"

DEPENDENCIES:
  - FSOCCategories (from `../`)
  - "FSOCCategories/UIViewController+FSDocumentInteractionController (from `../`)"
  - "FSOCCategories/UIViewController+FSDocumentPickerViewController (from `../`)"

EXTERNAL SOURCES:
  FSOCCategories:
    :path: "../"

SPEC CHECKSUMS:
  FSOCCategories: 38fcb3b3b556dbe6f08fd19b075d51b5ff95ff4f

PODFILE CHECKSUM: 3247b149ddc257053267b797288004982faff7fc

COCOAPODS: 1.10.1
